
Microsoft Visual Studio Solution File, Format Version 12.00
# Visual Studio 15
Project("{FAE04EC0-301F-11D3-BF4B-00C04F79EFBC}") = "C360-Services_NewOrder", "C360-Services_NewOrder\C360-Services_NewOrder.csproj", "{5B1D65FC-A766-407E-B19E-BEE4D4641A3D}"
EndProject
Project("{E53339B2-1760-4266-BCC7-CA923CBCF16C}") = "docker-compose", "docker-compose.dcproj", "{4C3BCDBE-6C75-4F0F-B4F3-A0433472C453}"
EndProject
Global
	GlobalSection(SolutionConfigurationPlatforms) = preSolution
		Debug|Any CPU = Debug|Any CPU
		Release|Any CPU = Release|Any CPU
	EndGlobalSection
	GlobalSection(ProjectConfigurationPlatforms) = postSolution
		{5B1D65FC-A766-407E-B19E-BEE4D4641A3D}.Debug|Any CPU.ActiveCfg = Debug|Any CPU
		{5B1D65FC-A766-407E-B19E-BEE4D4641A3D}.Debug|Any CPU.Build.0 = Debug|Any CPU
		{5B1D65FC-A766-407E-B19E-BEE4D4641A3D}.Release|Any CPU.ActiveCfg = Release|Any CPU
		{5B1D65FC-A766-407E-B19E-BEE4D4641A3D}.Release|Any CPU.Build.0 = Release|Any CPU
		{4C3BCDBE-6C75-4F0F-B4F3-A0433472C453}.Debug|Any CPU.ActiveCfg = Debug|Any CPU
		{4C3BCDBE-6C75-4F0F-B4F3-A0433472C453}.Debug|Any CPU.Build.0 = Debug|Any CPU
		{4C3BCDBE-6C75-4F0F-B4F3-A0433472C453}.Release|Any CPU.ActiveCfg = Release|Any CPU
		{4C3BCDBE-6C75-4F0F-B4F3-A0433472C453}.Release|Any CPU.Build.0 = Release|Any CPU
	EndGlobalSection
EndGlobal
